// !$*UTF8*$!
{
	archiveVersion = 1;
	classes = {
	};
	objectVersion = 51;
	objects = {

/* Begin PBXBuildFile section */
		054AA0752AEA3BCD62D36624 /* libPods-GKiOSApp.a in Frameworks */ = {isa = PBXBuildFile; fileRef = 35E854B162092ECD48AFEEB7 /* libPods-GKiOSApp.a */; };
		0F096C652292948B009E0AF5 /* data.json in Resources */ = {isa = PBXBuildFile; fileRef = 0F096C642292948B009E0AF5 /* data.json */; };
		0F096C68229294E6009E0AF5 /* GKVideoHomeController.m in Sources */ = {isa = PBXBuildFile; fileRef = 0F096C67229294E6009E0AF5 /* GKVideoHomeController.m */; };
		0F096C6B229296A0009E0AF5 /* GKVideoModel.m in Sources */ = {isa = PBXBuildFile; fileRef = 0F096C6A229296A0009E0AF5 /* GKVideoModel.m */; };
		0F0CB6CE228CF96E00EC26EE /* GKSearchResultController.m in Sources */ = {isa = PBXBuildFile; fileRef = 0F0CB6CD228CF96E00EC26EE /* GKSearchResultController.m */; };
		0F0CB6D1228D05DD00EC26EE /* GKSearchItemController.m in Sources */ = {isa = PBXBuildFile; fileRef = 0F0CB6D0228D05DD00EC26EE /* GKSearchItemController.m */; };
		0F0CB6E4228D50A900EC26EE /* GKNewItemViewController.m in Sources */ = {isa = PBXBuildFile; fileRef = 0F0CB6E3228D50A900EC26EE /* GKNewItemViewController.m */; };
		0F0CB6E8228D5BA300EC26EE /* GKNewItemTableViewCell.m in Sources */ = {isa = PBXBuildFile; fileRef = 0F0CB6E6228D5BA300EC26EE /* GKNewItemTableViewCell.m */; };
		0F0CB6E9228D5BA300EC26EE /* GKNewItemTableViewCell.xib in Resources */ = {isa = PBXBuildFile; fileRef = 0F0CB6E7228D5BA300EC26EE /* GKNewItemTableViewCell.xib */; };
		0F0CB6EC228D696700EC26EE /* GKNewsModel.m in Sources */ = {isa = PBXBuildFile; fileRef = 0F0CB6EB228D696700EC26EE /* GKNewsModel.m */; };
		0F0CB6EF228D706A00EC26EE /* GKCategoryItemController.m in Sources */ = {isa = PBXBuildFile; fileRef = 0F0CB6EE228D706A00EC26EE /* GKCategoryItemController.m */; };
		0F11DE102296384800F1A470 /* GKNewItemAdCell.m in Sources */ = {isa = PBXBuildFile; fileRef = 0F11DE0E2296384800F1A470 /* GKNewItemAdCell.m */; };
		0F11DE112296384800F1A470 /* GKNewItemAdCell.xib in Resources */ = {isa = PBXBuildFile; fileRef = 0F11DE0F2296384800F1A470 /* GKNewItemAdCell.xib */; };
		0F11DE182296388400F1A470 /* GKNewItemTraCell.m in Sources */ = {isa = PBXBuildFile; fileRef = 0F11DE162296388400F1A470 /* GKNewItemTraCell.m */; };
		0F11DE192296388400F1A470 /* GKNewItemTraCell.xib in Resources */ = {isa = PBXBuildFile; fileRef = 0F11DE172296388400F1A470 /* GKNewItemTraCell.xib */; };
		0F11DE1D2296389500F1A470 /* GKNewItemImageCell.m in Sources */ = {isa = PBXBuildFile; fileRef = 0F11DE1B2296389500F1A470 /* GKNewItemImageCell.m */; };
		0F11DE1E2296389500F1A470 /* GKNewItemImageCell.xib in Resources */ = {isa = PBXBuildFile; fileRef = 0F11DE1C2296389500F1A470 /* GKNewItemImageCell.xib */; };
		0F11DE2122963C4500F1A470 /* GKNewItemBaseCell.m in Sources */ = {isa = PBXBuildFile; fileRef = 0F11DE2022963C4500F1A470 /* GKNewItemBaseCell.m */; };
		0F11DE2D2296870E00F1A470 /* GKNewPhotoModel.m in Sources */ = {isa = PBXBuildFile; fileRef = 0F11DE2C2296870E00F1A470 /* GKNewPhotoModel.m */; };
		0F11DE4122969BAA00F1A470 /* VTContentView+GKBack.m in Sources */ = {isa = PBXBuildFile; fileRef = 0F11DE3222969BAA00F1A470 /* VTContentView+GKBack.m */; };
		0F11DE4222969BAA00F1A470 /* ATBrowserItemController.m in Sources */ = {isa = PBXBuildFile; fileRef = 0F11DE3422969BAA00F1A470 /* ATBrowserItemController.m */; };
		0F11DE4322969BAA00F1A470 /* ATBrowserController.m in Sources */ = {isa = PBXBuildFile; fileRef = 0F11DE3522969BAA00F1A470 /* ATBrowserController.m */; };
		0F11DE4422969BAA00F1A470 /* ATBrowserModel.m in Sources */ = {isa = PBXBuildFile; fileRef = 0F11DE3622969BAA00F1A470 /* ATBrowserModel.m */; };
		0F11DE4522969BAA00F1A470 /* ATIDMPhotoBrowser.m in Sources */ = {isa = PBXBuildFile; fileRef = 0F11DE3D22969BAA00F1A470 /* ATIDMPhotoBrowser.m */; };
		0F11DE4622969BAA00F1A470 /* ATAlertView.m in Sources */ = {isa = PBXBuildFile; fileRef = 0F11DE3F22969BAA00F1A470 /* ATAlertView.m */; };
		0F186FC9228E8B1F006B825E /* GKSetTableViewCell.m in Sources */ = {isa = PBXBuildFile; fileRef = 0F186FC7228E8B1F006B825E /* GKSetTableViewCell.m */; };
		0F186FCA228E8B1F006B825E /* GKSetTableViewCell.xib in Resources */ = {isa = PBXBuildFile; fileRef = 0F186FC8228E8B1F006B825E /* GKSetTableViewCell.xib */; };
		0F186FDA228E9C25006B825E /* GKLoginViewController.m in Sources */ = {isa = PBXBuildFile; fileRef = 0F186FD8228E9C25006B825E /* GKLoginViewController.m */; };
		0F186FDB228E9C25006B825E /* GKLoginViewController.xib in Resources */ = {isa = PBXBuildFile; fileRef = 0F186FD9228E9C25006B825E /* GKLoginViewController.xib */; };
		0F186FDE228EA1B1006B825E /* GKUserModel.m in Sources */ = {isa = PBXBuildFile; fileRef = 0F186FDD228EA1B1006B825E /* GKUserModel.m */; };
		0F186FE1228EA1C7006B825E /* GKUserManager.m in Sources */ = {isa = PBXBuildFile; fileRef = 0F186FE0228EA1C7006B825E /* GKUserManager.m */; };
		0F18B1EF22979B23002A968A /* GKLaunchViewController.m in Sources */ = {isa = PBXBuildFile; fileRef = 0F18B1ED22979B23002A968A /* GKLaunchViewController.m */; };
		0F18B1F022979B23002A968A /* GKLaunchViewController.xib in Resources */ = {isa = PBXBuildFile; fileRef = 0F18B1EE22979B23002A968A /* GKLaunchViewController.xib */; };
		0F18B1F32297C1B7002A968A /* GKLaunchModel.m in Sources */ = {isa = PBXBuildFile; fileRef = 0F18B1F22297C1B7002A968A /* GKLaunchModel.m */; };
		0F18B1FB2297D026002A968A /* ProgressWKWebView.m in Sources */ = {isa = PBXBuildFile; fileRef = 0F18B1F62297D025002A968A /* ProgressWKWebView.m */; };
		0F18B1FC2297D026002A968A /* BaseWebController.m in Sources */ = {isa = PBXBuildFile; fileRef = 0F18B1F72297D025002A968A /* BaseWebController.m */; };
		0F18B2002297D80E002A968A /* GKWebController.m in Sources */ = {isa = PBXBuildFile; fileRef = 0F18B1FF2297D80E002A968A /* GKWebController.m */; };
		0F18B2062297D8EC002A968A /* GKHomeNetManager.m in Sources */ = {isa = PBXBuildFile; fileRef = 0F18B2042297D8EB002A968A /* GKHomeNetManager.m */; };
		0F18B2072297D8EC002A968A /* GKDataQueue.m in Sources */ = {isa = PBXBuildFile; fileRef = 0F18B2052297D8EB002A968A /* GKDataQueue.m */; };
		0F18B20A2297DAD9002A968A /* GKNewDetailController.m in Sources */ = {isa = PBXBuildFile; fileRef = 0F18B2092297DAD9002A968A /* GKNewDetailController.m */; };
		0F18B20D2297E239002A968A /* GKNewDetailModel.m in Sources */ = {isa = PBXBuildFile; fileRef = 0F18B20C2297E239002A968A /* GKNewDetailModel.m */; };
		0F1AD5EC228A9477008EDE02 /* GKSearchViewController.m in Sources */ = {isa = PBXBuildFile; fileRef = 0F1AD5EB228A9477008EDE02 /* GKSearchViewController.m */; };
		0F2398A6228570470059B0FE /* AppDelegate.m in Sources */ = {isa = PBXBuildFile; fileRef = 0F2398A5228570470059B0FE /* AppDelegate.m */; };
		0F2398AC228570480059B0FE /* Main.storyboard in Resources */ = {isa = PBXBuildFile; fileRef = 0F2398AA228570480059B0FE /* Main.storyboard */; };
		0F2398AE228570490059B0FE /* Assets.xcassets in Resources */ = {isa = PBXBuildFile; fileRef = 0F2398AD228570490059B0FE /* Assets.xcassets */; };
		0F2398B1228570490059B0FE /* LaunchScreen.storyboard in Resources */ = {isa = PBXBuildFile; fileRef = 0F2398AF228570490059B0FE /* LaunchScreen.storyboard */; };
		0F2398B4228570490059B0FE /* main.m in Sources */ = {isa = PBXBuildFile; fileRef = 0F2398B3228570490059B0FE /* main.m */; };
		0F2398DF228572510059B0FE /* BaseTableViewController.m in Sources */ = {isa = PBXBuildFile; fileRef = 0F2398BE228572510059B0FE /* BaseTableViewController.m */; };
		0F2398E0228572510059B0FE /* BaseViewController.m in Sources */ = {isa = PBXBuildFile; fileRef = 0F2398C0228572510059B0FE /* BaseViewController.m */; };
		0F2398E1228572510059B0FE /* BaseNavigationController.m in Sources */ = {isa = PBXBuildFile; fileRef = 0F2398C1228572510059B0FE /* BaseNavigationController.m */; };
		0F2398E2228572510059B0FE /* BaseConnectionController.m in Sources */ = {isa = PBXBuildFile; fileRef = 0F2398C2228572510059B0FE /* BaseConnectionController.m */; };
		0F2398E3228572510059B0FE /* BaseRefreshController.m in Sources */ = {isa = PBXBuildFile; fileRef = 0F2398C6228572510059B0FE /* BaseRefreshController.m */; };
		0F2398E4228572510059B0FE /* BaseModel.m in Sources */ = {isa = PBXBuildFile; fileRef = 0F2398CA228572510059B0FE /* BaseModel.m */; };
		0F2398E5228572510059B0FE /* BaseMacro.m in Sources */ = {isa = PBXBuildFile; fileRef = 0F2398CC228572510059B0FE /* BaseMacro.m */; };
		0F2398E6228572510059B0FE /* BaseNetModel.m in Sources */ = {isa = PBXBuildFile; fileRef = 0F2398CE228572510059B0FE /* BaseNetModel.m */; };
		0F2398E7228572510059B0FE /* BaseCell.m in Sources */ = {isa = PBXBuildFile; fileRef = 0F2398D0228572510059B0FE /* BaseCell.m */; };
		0F2398E8228572510059B0FE /* BaseView.m in Sources */ = {isa = PBXBuildFile; fileRef = 0F2398D1228572510059B0FE /* BaseView.m */; };
		0F2398E9228572510059B0FE /* BaseTableView.m in Sources */ = {isa = PBXBuildFile; fileRef = 0F2398D2228572510059B0FE /* BaseTableView.m */; };
		0F2398EA228572510059B0FE /* BaseNetManager.m in Sources */ = {isa = PBXBuildFile; fileRef = 0F2398D7228572510059B0FE /* BaseNetManager.m */; };
		0F2398EB228572510059B0FE /* BaseNetTool.m in Sources */ = {isa = PBXBuildFile; fileRef = 0F2398D8228572510059B0FE /* BaseNetTool.m */; };
		0F2398FD22857F730059B0FE /* GKBaseHomeController.m in Sources */ = {isa = PBXBuildFile; fileRef = 0F2398FB22857F730059B0FE /* GKBaseHomeController.m */; };
		0F239900228580010059B0FE /* GKTabViewController.m in Sources */ = {isa = PBXBuildFile; fileRef = 0F2398FF228580010059B0FE /* GKTabViewController.m */; };
		0F239903228580790059B0FE /* GKNewViewController.m in Sources */ = {isa = PBXBuildFile; fileRef = 0F239902228580790059B0FE /* GKNewViewController.m */; };
		0F239906228580880059B0FE /* GKSetViewController.m in Sources */ = {isa = PBXBuildFile; fileRef = 0F239905228580880059B0FE /* GKSetViewController.m */; };
		0F2654CD22952020004B3439 /* GKWallDetailController.m in Sources */ = {isa = PBXBuildFile; fileRef = 0F2654CC22952020004B3439 /* GKWallDetailController.m */; };
		0F58F490228BFC5700FA5BD0 /* BaseDataQueue.m in Sources */ = {isa = PBXBuildFile; fileRef = 0F58F48F228BFC5700FA5BD0 /* BaseDataQueue.m */; };
		0F58F493228BFDCC00FA5BD0 /* GKSearchModel.m in Sources */ = {isa = PBXBuildFile; fileRef = 0F58F492228BFDCC00FA5BD0 /* GKSearchModel.m */; };
		0F58F49A228C06FD00FA5BD0 /* GKSearchViewCell.m in Sources */ = {isa = PBXBuildFile; fileRef = 0F58F498228C06FD00FA5BD0 /* GKSearchViewCell.m */; };
		0F58F49B228C06FD00FA5BD0 /* GKSearchViewCell.xib in Resources */ = {isa = PBXBuildFile; fileRef = 0F58F499228C06FD00FA5BD0 /* GKSearchViewCell.xib */; };
		0F8C9F6F2292A007000C5934 /* GKVideoItemController.m in Sources */ = {isa = PBXBuildFile; fileRef = 0F8C9F6E2292A007000C5934 /* GKVideoItemController.m */; };
		0F8FB77922891A4D00BE91D3 /* GKRecommendController.m in Sources */ = {isa = PBXBuildFile; fileRef = 0F8FB77822891A4D00BE91D3 /* GKRecommendController.m */; };
		0F8FB77C22891A6000BE91D3 /* GKCategoryController.m in Sources */ = {isa = PBXBuildFile; fileRef = 0F8FB77B22891A6000BE91D3 /* GKCategoryController.m */; };
		0F8FB77F22891A7B00BE91D3 /* GKMostNewController.m in Sources */ = {isa = PBXBuildFile; fileRef = 0F8FB77E22891A7B00BE91D3 /* GKMostNewController.m */; };
		0F8FB78622894C8000BE91D3 /* GKHomeHotModel.m in Sources */ = {isa = PBXBuildFile; fileRef = 0F8FB78522894C8000BE91D3 /* GKHomeHotModel.m */; };
		0F8FB78B22894FD200BE91D3 /* GKHomeHotCollectionViewCell.m in Sources */ = {isa = PBXBuildFile; fileRef = 0F8FB78922894FD200BE91D3 /* GKHomeHotCollectionViewCell.m */; };
		0F8FB78C22894FD200BE91D3 /* GKHomeHotCollectionViewCell.xib in Resources */ = {isa = PBXBuildFile; fileRef = 0F8FB78A22894FD200BE91D3 /* GKHomeHotCollectionViewCell.xib */; };
		0F8FB78F22896B3E00BE91D3 /* GKHomeCategoryModel.m in Sources */ = {isa = PBXBuildFile; fileRef = 0F8FB78E22896B3E00BE91D3 /* GKHomeCategoryModel.m */; };
		0F8FB79322896ED500BE91D3 /* GKHomeCollectionReusableView.m in Sources */ = {isa = PBXBuildFile; fileRef = 0F8FB79122896ED500BE91D3 /* GKHomeCollectionReusableView.m */; };
		0F8FB79422896ED500BE91D3 /* GKHomeCollectionReusableView.xib in Resources */ = {isa = PBXBuildFile; fileRef = 0F8FB79222896ED500BE91D3 /* GKHomeCollectionReusableView.xib */; };
		0F9F2BA622929DCD008F5849 /* GKVideoContentController.m in Sources */ = {isa = PBXBuildFile; fileRef = 0F9F2BA522929DCD008F5849 /* GKVideoContentController.m */; };
		0FBC9DFD2297F17C00BBA7B0 /* new.css in Resources */ = {isa = PBXBuildFile; fileRef = 0FBC9DFC2297F17C00BBA7B0 /* new.css */; };
		0FCE07C4229521BD005AEA17 /* GKWallDetailModel.m in Sources */ = {isa = PBXBuildFile; fileRef = 0FCE07C3229521BD005AEA17 /* GKWallDetailModel.m */; };
		0FCE07CC22955A4C005AEA17 /* topic_news.json in Resources */ = {isa = PBXBuildFile; fileRef = 0FCE07CB22955A4C005AEA17 /* topic_news.json */; };
/* End PBXBuildFile section */

/* Begin PBXFileReference section */
		0F096C642292948B009E0AF5 /* data.json */ = {isa = PBXFileReference; fileEncoding = 4; lastKnownFileType = text.json; path = data.json; sourceTree = "<group>"; };
		0F096C66229294E6009E0AF5 /* GKVideoHomeController.h */ = {isa = PBXFileReference; lastKnownFileType = sourcecode.c.h; path = GKVideoHomeController.h; sourceTree = "<group>"; };
		0F096C67229294E6009E0AF5 /* GKVideoHomeController.m */ = {isa = PBXFileReference; lastKnownFileType = sourcecode.c.objc; path = GKVideoHomeController.m; sourceTree = "<group>"; };
		0F096C69229296A0009E0AF5 /* GKVideoModel.h */ = {isa = PBXFileReference; lastKnownFileType = sourcecode.c.h; path = GKVideoModel.h; sourceTree = "<group>"; };
		0F096C6A229296A0009E0AF5 /* GKVideoModel.m */ = {isa = PBXFileReference; lastKnownFileType = sourcecode.c.objc; path = GKVideoModel.m; sourceTree = "<group>"; };
		0F0CB6CC228CF96E00EC26EE /* GKSearchResultController.h */ = {isa = PBXFileReference; lastKnownFileType = sourcecode.c.h; path = GKSearchResultController.h; sourceTree = "<group>"; };
		0F0CB6CD228CF96E00EC26EE /* GKSearchResultController.m */ = {isa = PBXFileReference; lastKnownFileType = sourcecode.c.objc; path = GKSearchResultController.m; sourceTree = "<group>"; };
		0F0CB6CF228D05DD00EC26EE /* GKSearchItemController.h */ = {isa = PBXFileReference; lastKnownFileType = sourcecode.c.h; path = GKSearchItemController.h; sourceTree = "<group>"; };
		0F0CB6D0228D05DD00EC26EE /* GKSearchItemController.m */ = {isa = PBXFileReference; lastKnownFileType = sourcecode.c.objc; path = GKSearchItemController.m; sourceTree = "<group>"; };
		0F0CB6E2228D50A900EC26EE /* GKNewItemViewController.h */ = {isa = PBXFileReference; lastKnownFileType = sourcecode.c.h; path = GKNewItemViewController.h; sourceTree = "<group>"; };
		0F0CB6E3228D50A900EC26EE /* GKNewItemViewController.m */ = {isa = PBXFileReference; lastKnownFileType = sourcecode.c.objc; path = GKNewItemViewController.m; sourceTree = "<group>"; };
		0F0CB6E5228D5BA300EC26EE /* GKNewItemTableViewCell.h */ = {isa = PBXFileReference; lastKnownFileType = sourcecode.c.h; path = GKNewItemTableViewCell.h; sourceTree = "<group>"; };
		0F0CB6E6228D5BA300EC26EE /* GKNewItemTableViewCell.m */ = {isa = PBXFileReference; lastKnownFileType = sourcecode.c.objc; path = GKNewItemTableViewCell.m; sourceTree = "<group>"; };
		0F0CB6E7228D5BA300EC26EE /* GKNewItemTableViewCell.xib */ = {isa = PBXFileReference; lastKnownFileType = file.xib; path = GKNewItemTableViewCell.xib; sourceTree = "<group>"; };
		0F0CB6EA228D696700EC26EE /* GKNewsModel.h */ = {isa = PBXFileReference; lastKnownFileType = sourcecode.c.h; path = GKNewsModel.h; sourceTree = "<group>"; };
		0F0CB6EB228D696700EC26EE /* GKNewsModel.m */ = {isa = PBXFileReference; lastKnownFileType = sourcecode.c.objc; path = GKNewsModel.m; sourceTree = "<group>"; };
		0F0CB6ED228D706A00EC26EE /* GKCategoryItemController.h */ = {isa = PBXFileReference; lastKnownFileType = sourcecode.c.h; path = GKCategoryItemController.h; sourceTree = "<group>"; };
		0F0CB6EE228D706A00EC26EE /* GKCategoryItemController.m */ = {isa = PBXFileReference; lastKnownFileType = sourcecode.c.objc; path = GKCategoryItemController.m; sourceTree = "<group>"; };
		0F11DE0D2296384800F1A470 /* GKNewItemAdCell.h */ = {isa = PBXFileReference; lastKnownFileType = sourcecode.c.h; path = GKNewItemAdCell.h; sourceTree = "<group>"; };
		0F11DE0E2296384800F1A470 /* GKNewItemAdCell.m */ = {isa = PBXFileReference; lastKnownFileType = sourcecode.c.objc; path = GKNewItemAdCell.m; sourceTree = "<group>"; };
		0F11DE0F2296384800F1A470 /* GKNewItemAdCell.xib */ = {isa = PBXFileReference; lastKnownFileType = file.xib; path = GKNewItemAdCell.xib; sourceTree = "<group>"; };
		0F11DE152296388400F1A470 /* GKNewItemTraCell.h */ = {isa = PBXFileReference; lastKnownFileType = sourcecode.c.h; path = GKNewItemTraCell.h; sourceTree = "<group>"; };
		0F11DE162296388400F1A470 /* GKNewItemTraCell.m */ = {isa = PBXFileReference; lastKnownFileType = sourcecode.c.objc; path = GKNewItemTraCell.m; sourceTree = "<group>"; };
		0F11DE172296388400F1A470 /* GKNewItemTraCell.xib */ = {isa = PBXFileReference; lastKnownFileType = file.xib; path = GKNewItemTraCell.xib; sourceTree = "<group>"; };
		0F11DE1A2296389500F1A470 /* GKNewItemImageCell.h */ = {isa = PBXFileReference; lastKnownFileType = sourcecode.c.h; path = GKNewItemImageCell.h; sourceTree = "<group>"; };
		0F11DE1B2296389500F1A470 /* GKNewItemImageCell.m */ = {isa = PBXFileReference; lastKnownFileType = sourcecode.c.objc; path = GKNewItemImageCell.m; sourceTree = "<group>"; };
		0F11DE1C2296389500F1A470 /* GKNewItemImageCell.xib */ = {isa = PBXFileReference; lastKnownFileType = file.xib; path = GKNewItemImageCell.xib; sourceTree = "<group>"; };
		0F11DE1F22963C4500F1A470 /* GKNewItemBaseCell.h */ = {isa = PBXFileReference; lastKnownFileType = sourcecode.c.h; path = GKNewItemBaseCell.h; sourceTree = "<group>"; };
		0F11DE2022963C4500F1A470 /* GKNewItemBaseCell.m */ = {isa = PBXFileReference; lastKnownFileType = sourcecode.c.objc; path = GKNewItemBaseCell.m; sourceTree = "<group>"; };
		0F11DE2B2296870E00F1A470 /* GKNewPhotoModel.h */ = {isa = PBXFileReference; lastKnownFileType = sourcecode.c.h; path = GKNewPhotoModel.h; sourceTree = "<group>"; };
		0F11DE2C2296870E00F1A470 /* GKNewPhotoModel.m */ = {isa = PBXFileReference; lastKnownFileType = sourcecode.c.objc; path = GKNewPhotoModel.m; sourceTree = "<group>"; };
		0F11DE3122969BAA00F1A470 /* VTContentView+GKBack.h */ = {isa = PBXFileReference; fileEncoding = 4; lastKnownFileType = sourcecode.c.h; path = "VTContentView+GKBack.h"; sourceTree = "<group>"; };
		0F11DE3222969BAA00F1A470 /* VTContentView+GKBack.m */ = {isa = PBXFileReference; fileEncoding = 4; lastKnownFileType = sourcecode.c.objc; path = "VTContentView+GKBack.m"; sourceTree = "<group>"; };
		0F11DE3422969BAA00F1A470 /* ATBrowserItemController.m */ = {isa = PBXFileReference; fileEncoding = 4; lastKnownFileType = sourcecode.c.objc; path = ATBrowserItemController.m; sourceTree = "<group>"; };
		0F11DE3522969BAA00F1A470 /* ATBrowserController.m */ = {isa = PBXFileReference; fileEncoding = 4; lastKnownFileType = sourcecode.c.objc; path = ATBrowserController.m; sourceTree = "<group>"; };
		0F11DE3622969BAA00F1A470 /* ATBrowserModel.m */ = {isa = PBXFileReference; fileEncoding = 4; lastKnownFileType = sourcecode.c.objc; path = ATBrowserModel.m; sourceTree = "<group>"; };
		0F11DE3722969BAA00F1A470 /* ATBrowserController.h */ = {isa = PBXFileReference; fileEncoding = 4; lastKnownFileType = sourcecode.c.h; path = ATBrowserController.h; sourceTree = "<group>"; };
		0F11DE3822969BAA00F1A470 /* ATBrowserProtocol.h */ = {isa = PBXFileReference; fileEncoding = 4; lastKnownFileType = sourcecode.c.h; path = ATBrowserProtocol.h; sourceTree = "<group>"; };
		0F11DE3922969BAA00F1A470 /* ATBrowserItemController.h */ = {isa = PBXFileReference; fileEncoding = 4; lastKnownFileType = sourcecode.c.h; path = ATBrowserItemController.h; sourceTree = "<group>"; };
		0F11DE3A22969BAA00F1A470 /* ATBrowserModel.h */ = {isa = PBXFileReference; fileEncoding = 4; lastKnownFileType = sourcecode.c.h; path = ATBrowserModel.h; sourceTree = "<group>"; };
		0F11DE3C22969BAA00F1A470 /* ATIDMPhotoBrowser.h */ = {isa = PBXFileReference; fileEncoding = 4; lastKnownFileType = sourcecode.c.h; path = ATIDMPhotoBrowser.h; sourceTree = "<group>"; };
		0F11DE3D22969BAA00F1A470 /* ATIDMPhotoBrowser.m */ = {isa = PBXFileReference; fileEncoding = 4; lastKnownFileType = sourcecode.c.objc; path = ATIDMPhotoBrowser.m; sourceTree = "<group>"; };
		0F11DE3F22969BAA00F1A470 /* ATAlertView.m */ = {isa = PBXFileReference; fileEncoding = 4; lastKnownFileType = sourcecode.c.objc; path = ATAlertView.m; sourceTree = "<group>"; };
		0F11DE4022969BAA00F1A470 /* ATAlertView.h */ = {isa = PBXFileReference; fileEncoding = 4; lastKnownFileType = sourcecode.c.h; path = ATAlertView.h; sourceTree = "<group>"; };
		0F11DE4722969C0F00F1A470 /* ATBrowser.h */ = {isa = PBXFileReference; lastKnownFileType = sourcecode.c.h; path = ATBrowser.h; sourceTree = "<group>"; };
		0F186FC6228E8B1F006B825E /* GKSetTableViewCell.h */ = {isa = PBXFileReference; lastKnownFileType = sourcecode.c.h; path = GKSetTableViewCell.h; sourceTree = "<group>"; };
		0F186FC7228E8B1F006B825E /* GKSetTableViewCell.m */ = {isa = PBXFileReference; lastKnownFileType = sourcecode.c.objc; path = GKSetTableViewCell.m; sourceTree = "<group>"; };
		0F186FC8228E8B1F006B825E /* GKSetTableViewCell.xib */ = {isa = PBXFileReference; lastKnownFileType = file.xib; path = GKSetTableViewCell.xib; sourceTree = "<group>"; };
		0F186FD7228E9C25006B825E /* GKLoginViewController.h */ = {isa = PBXFileReference; lastKnownFileType = sourcecode.c.h; path = GKLoginViewController.h; sourceTree = "<group>"; };
		0F186FD8228E9C25006B825E /* GKLoginViewController.m */ = {isa = PBXFileReference; lastKnownFileType = sourcecode.c.objc; path = GKLoginViewController.m; sourceTree = "<group>"; };
		0F186FD9228E9C25006B825E /* GKLoginViewController.xib */ = {isa = PBXFileReference; lastKnownFileType = file.xib; path = GKLoginViewController.xib; sourceTree = "<group>"; };
		0F186FDC228EA1B1006B825E /* GKUserModel.h */ = {isa = PBXFileReference; lastKnownFileType = sourcecode.c.h; path = GKUserModel.h; sourceTree = "<group>"; };
		0F186FDD228EA1B1006B825E /* GKUserModel.m */ = {isa = PBXFileReference; lastKnownFileType = sourcecode.c.objc; path = GKUserModel.m; sourceTree = "<group>"; };
		0F186FDF228EA1C6006B825E /* GKUserManager.h */ = {isa = PBXFileReference; lastKnownFileType = sourcecode.c.h; path = GKUserManager.h; sourceTree = "<group>"; };
		0F186FE0228EA1C7006B825E /* GKUserManager.m */ = {isa = PBXFileReference; lastKnownFileType = sourcecode.c.objc; path = GKUserManager.m; sourceTree = "<group>"; };
		0F18B1EC22979B23002A968A /* GKLaunchViewController.h */ = {isa = PBXFileReference; lastKnownFileType = sourcecode.c.h; path = GKLaunchViewController.h; sourceTree = "<group>"; };
		0F18B1ED22979B23002A968A /* GKLaunchViewController.m */ = {isa = PBXFileReference; lastKnownFileType = sourcecode.c.objc; path = GKLaunchViewController.m; sourceTree = "<group>"; };
		0F18B1EE22979B23002A968A /* GKLaunchViewController.xib */ = {isa = PBXFileReference; lastKnownFileType = file.xib; path = GKLaunchViewController.xib; sourceTree = "<group>"; };
		0F18B1F12297C1B7002A968A /* GKLaunchModel.h */ = {isa = PBXFileReference; lastKnownFileType = sourcecode.c.h; path = GKLaunchModel.h; sourceTree = "<group>"; };
		0F18B1F22297C1B7002A968A /* GKLaunchModel.m */ = {isa = PBXFileReference; lastKnownFileType = sourcecode.c.objc; path = GKLaunchModel.m; sourceTree = "<group>"; };
		0F18B1F62297D025002A968A /* ProgressWKWebView.m */ = {isa = PBXFileReference; fileEncoding = 4; lastKnownFileType = sourcecode.c.objc; path = ProgressWKWebView.m; sourceTree = "<group>"; };
		0F18B1F72297D025002A968A /* BaseWebController.m */ = {isa = PBXFileReference; fileEncoding = 4; lastKnownFileType = sourcecode.c.objc; path = BaseWebController.m; sourceTree = "<group>"; };
		0F18B1F92297D026002A968A /* ProgressWKWebView.h */ = {isa = PBXFileReference; fileEncoding = 4; lastKnownFileType = sourcecode.c.h; path = ProgressWKWebView.h; sourceTree = "<group>"; };
		0F18B1FA2297D026002A968A /* BaseWebController.h */ = {isa = PBXFileReference; fileEncoding = 4; lastKnownFileType = sourcecode.c.h; path = BaseWebController.h; sourceTree = "<group>"; };
		0F18B1FE2297D80E002A968A /* GKWebController.h */ = {isa = PBXFileReference; fileEncoding = 4; lastKnownFileType = sourcecode.c.h; path = GKWebController.h; sourceTree = "<group>"; };
		0F18B1FF2297D80E002A968A /* GKWebController.m */ = {isa = PBXFileReference; fileEncoding = 4; lastKnownFileType = sourcecode.c.objc; path = GKWebController.m; sourceTree = "<group>"; };
		0F18B2022297D8EB002A968A /* GKDataQueue.h */ = {isa = PBXFileReference; fileEncoding = 4; lastKnownFileType = sourcecode.c.h; path = GKDataQueue.h; sourceTree = "<group>"; };
		0F18B2032297D8EB002A968A /* GKHomeNetManager.h */ = {isa = PBXFileReference; fileEncoding = 4; lastKnownFileType = sourcecode.c.h; path = GKHomeNetManager.h; sourceTree = "<group>"; };
		0F18B2042297D8EB002A968A /* GKHomeNetManager.m */ = {isa = PBXFileReference; fileEncoding = 4; lastKnownFileType = sourcecode.c.objc; path = GKHomeNetManager.m; sourceTree = "<group>"; };
		0F18B2052297D8EB002A968A /* GKDataQueue.m */ = {isa = PBXFileReference; fileEncoding = 4; lastKnownFileType = sourcecode.c.objc; path = GKDataQueue.m; sourceTree = "<group>"; };
		0F18B2082297DAD9002A968A /* GKNewDetailController.h */ = {isa = PBXFileReference; lastKnownFileType = sourcecode.c.h; path = GKNewDetailController.h; sourceTree = "<group>"; };
		0F18B2092297DAD9002A968A /* GKNewDetailController.m */ = {isa = PBXFileReference; lastKnownFileType = sourcecode.c.objc; path = GKNewDetailController.m; sourceTree = "<group>"; };
		0F18B20B2297E239002A968A /* GKNewDetailModel.h */ = {isa = PBXFileReference; lastKnownFileType = sourcecode.c.h; path = GKNewDetailModel.h; sourceTree = "<group>"; };
		0F18B20C2297E239002A968A /* GKNewDetailModel.m */ = {isa = PBXFileReference; lastKnownFileType = sourcecode.c.objc; path = GKNewDetailModel.m; sourceTree = "<group>"; };
		0F1AD5EA228A9477008EDE02 /* GKSearchViewController.h */ = {isa = PBXFileReference; lastKnownFileType = sourcecode.c.h; path = GKSearchViewController.h; sourceTree = "<group>"; };
		0F1AD5EB228A9477008EDE02 /* GKSearchViewController.m */ = {isa = PBXFileReference; lastKnownFileType = sourcecode.c.objc; path = GKSearchViewController.m; sourceTree = "<group>"; };
		0F2398A1228570470059B0FE /* GKiOSApp.app */ = {isa = PBXFileReference; explicitFileType = wrapper.application; includeInIndex = 0; path = GKiOSApp.app; sourceTree = BUILT_PRODUCTS_DIR; };
		0F2398A4228570470059B0FE /* AppDelegate.h */ = {isa = PBXFileReference; lastKnownFileType = sourcecode.c.h; path = AppDelegate.h; sourceTree = "<group>"; };
		0F2398A5228570470059B0FE /* AppDelegate.m */ = {isa = PBXFileReference; lastKnownFileType = sourcecode.c.objc; path = AppDelegate.m; sourceTree = "<group>"; };
		0F2398AB228570480059B0FE /* Base */ = {isa = PBXFileReference; lastKnownFileType = file.storyboard; name = Base; path = Base.lproj/Main.storyboard; sourceTree = "<group>"; };
		0F2398AD228570490059B0FE /* Assets.xcassets */ = {isa = PBXFileReference; lastKnownFileType = folder.assetcatalog; path = Assets.xcassets; sourceTree = "<group>"; };
		0F2398B0228570490059B0FE /* Base */ = {isa = PBXFileReference; lastKnownFileType = file.storyboard; name = Base; path = Base.lproj/LaunchScreen.storyboard; sourceTree = "<group>"; };
		0F2398B2228570490059B0FE /* Info.plist */ = {isa = PBXFileReference; lastKnownFileType = text.plist.xml; path = Info.plist; sourceTree = "<group>"; };
		0F2398B3228570490059B0FE /* main.m */ = {isa = PBXFileReference; lastKnownFileType = sourcecode.c.objc; path = main.m; sourceTree = "<group>"; };
		0F2398BA228570A50059B0FE /* GKiOSApp.pch */ = {isa = PBXFileReference; lastKnownFileType = sourcecode.c.h; path = GKiOSApp.pch; sourceTree = "<group>"; };
		0F2398BE228572510059B0FE /* BaseTableViewController.m */ = {isa = PBXFileReference; fileEncoding = 4; lastKnownFileType = sourcecode.c.objc; path = BaseTableViewController.m; sourceTree = "<group>"; };
		0F2398BF228572510059B0FE /* BaseRefreshController.h */ = {isa = PBXFileReference; fileEncoding = 4; lastKnownFileType = sourcecode.c.h; path = BaseRefreshController.h; sourceTree = "<group>"; };
		0F2398C0228572510059B0FE /* BaseViewController.m */ = {isa = PBXFileReference; fileEncoding = 4; lastKnownFileType = sourcecode.c.objc; path = BaseViewController.m; sourceTree = "<group>"; };
		0F2398C1228572510059B0FE /* BaseNavigationController.m */ = {isa = PBXFileReference; fileEncoding = 4; lastKnownFileType = sourcecode.c.objc; path = BaseNavigationController.m; sourceTree = "<group>"; };
		0F2398C2228572510059B0FE /* BaseConnectionController.m */ = {isa = PBXFileReference; fileEncoding = 4; lastKnownFileType = sourcecode.c.objc; path = BaseConnectionController.m; sourceTree = "<group>"; };
		0F2398C3228572510059B0FE /* BaseTableViewController.h */ = {isa = PBXFileReference; fileEncoding = 4; lastKnownFileType = sourcecode.c.h; path = BaseTableViewController.h; sourceTree = "<group>"; };
		0F2398C4228572510059B0FE /* BaseConnectionController.h */ = {isa = PBXFileReference; fileEncoding = 4; lastKnownFileType = sourcecode.c.h; path = BaseConnectionController.h; sourceTree = "<group>"; };
		0F2398C5228572510059B0FE /* BaseNavigationController.h */ = {isa = PBXFileReference; fileEncoding = 4; lastKnownFileType = sourcecode.c.h; path = BaseNavigationController.h; sourceTree = "<group>"; };
		0F2398C6228572510059B0FE /* BaseRefreshController.m */ = {isa = PBXFileReference; fileEncoding = 4; lastKnownFileType = sourcecode.c.objc; path = BaseRefreshController.m; sourceTree = "<group>"; };
		0F2398C7228572510059B0FE /* BaseViewController.h */ = {isa = PBXFileReference; fileEncoding = 4; lastKnownFileType = sourcecode.c.h; path = BaseViewController.h; sourceTree = "<group>"; };
		0F2398C9228572510059B0FE /* BaseMacro.h */ = {isa = PBXFileReference; fileEncoding = 4; lastKnownFileType = sourcecode.c.h; path = BaseMacro.h; sourceTree = "<group>"; };
		0F2398CA228572510059B0FE /* BaseModel.m */ = {isa = PBXFileReference; fileEncoding = 4; lastKnownFileType = sourcecode.c.objc; path = BaseModel.m; sourceTree = "<group>"; };
		0F2398CB228572510059B0FE /* BaseNetModel.h */ = {isa = PBXFileReference; fileEncoding = 4; lastKnownFileType = sourcecode.c.h; path = BaseNetModel.h; sourceTree = "<group>"; };
		0F2398CC228572510059B0FE /* BaseMacro.m */ = {isa = PBXFileReference; fileEncoding = 4; lastKnownFileType = sourcecode.c.objc; path = BaseMacro.m; sourceTree = "<group>"; };
		0F2398CD228572510059B0FE /* BaseModel.h */ = {isa = PBXFileReference; fileEncoding = 4; lastKnownFileType = sourcecode.c.h; path = BaseModel.h; sourceTree = "<group>"; };
		0F2398CE228572510059B0FE /* BaseNetModel.m */ = {isa = PBXFileReference; fileEncoding = 4; lastKnownFileType = sourcecode.c.objc; path = BaseNetModel.m; sourceTree = "<group>"; };
		0F2398D0228572510059B0FE /* BaseCell.m */ = {isa = PBXFileReference; fileEncoding = 4; lastKnownFileType = sourcecode.c.objc; path = BaseCell.m; sourceTree = "<group>"; };
		0F2398D1228572510059B0FE /* BaseView.m */ = {isa = PBXFileReference; fileEncoding = 4; lastKnownFileType = sourcecode.c.objc; path = BaseView.m; sourceTree = "<group>"; };
		0F2398D2228572510059B0FE /* BaseTableView.m */ = {isa = PBXFileReference; fileEncoding = 4; lastKnownFileType = sourcecode.c.objc; path = BaseTableView.m; sourceTree = "<group>"; };
		0F2398D3228572510059B0FE /* BaseCell.h */ = {isa = PBXFileReference; fileEncoding = 4; lastKnownFileType = sourcecode.c.h; path = BaseCell.h; sourceTree = "<group>"; };
		0F2398D4228572510059B0FE /* BaseView.h */ = {isa = PBXFileReference; fileEncoding = 4; lastKnownFileType = sourcecode.c.h; path = BaseView.h; sourceTree = "<group>"; };
		0F2398D5228572510059B0FE /* BaseTableView.h */ = {isa = PBXFileReference; fileEncoding = 4; lastKnownFileType = sourcecode.c.h; path = BaseTableView.h; sourceTree = "<group>"; };
		0F2398D7228572510059B0FE /* BaseNetManager.m */ = {isa = PBXFileReference; fileEncoding = 4; lastKnownFileType = sourcecode.c.objc; path = BaseNetManager.m; sourceTree = "<group>"; };
		0F2398D8228572510059B0FE /* BaseNetTool.m */ = {isa = PBXFileReference; fileEncoding = 4; lastKnownFileType = sourcecode.c.objc; path = BaseNetTool.m; sourceTree = "<group>"; };
		0F2398DB228572510059B0FE /* BaseNetTool.h */ = {isa = PBXFileReference; fileEncoding = 4; lastKnownFileType = sourcecode.c.h; path = BaseNetTool.h; sourceTree = "<group>"; };
		0F2398DC228572510059B0FE /* BaseNetManager.h */ = {isa = PBXFileReference; fileEncoding = 4; lastKnownFileType = sourcecode.c.h; path = BaseNetManager.h; sourceTree = "<group>"; };
		0F2398FB22857F730059B0FE /* GKBaseHomeController.m */ = {isa = PBXFileReference; fileEncoding = 4; lastKnownFileType = sourcecode.c.objc; path = GKBaseHomeController.m; sourceTree = "<group>"; };
		0F2398FC22857F730059B0FE /* GKBaseHomeController.h */ = {isa = PBXFileReference; fileEncoding = 4; lastKnownFileType = sourcecode.c.h; path = GKBaseHomeController.h; sourceTree = "<group>"; };
		0F2398FE228580010059B0FE /* GKTabViewController.h */ = {isa = PBXFileReference; lastKnownFileType = sourcecode.c.h; path = GKTabViewController.h; sourceTree = "<group>"; };
		0F2398FF228580010059B0FE /* GKTabViewController.m */ = {isa = PBXFileReference; lastKnownFileType = sourcecode.c.objc; path = GKTabViewController.m; sourceTree = "<group>"; };
		0F239901228580790059B0FE /* GKNewViewController.h */ = {isa = PBXFileReference; lastKnownFileType = sourcecode.c.h; path = GKNewViewController.h; sourceTree = "<group>"; };
		0F239902228580790059B0FE /* GKNewViewController.m */ = {isa = PBXFileReference; lastKnownFileType = sourcecode.c.objc; path = GKNewViewController.m; sourceTree = "<group>"; };
		0F239904228580880059B0FE /* GKSetViewController.h */ = {isa = PBXFileReference; lastKnownFileType = sourcecode.c.h; path = GKSetViewController.h; sourceTree = "<group>"; };
		0F239905228580880059B0FE /* GKSetViewController.m */ = {isa = PBXFileReference; lastKnownFileType = sourcecode.c.objc; path = GKSetViewController.m; sourceTree = "<group>"; };
		0F2654CB22952020004B3439 /* GKWallDetailController.h */ = {isa = PBXFileReference; lastKnownFileType = sourcecode.c.h; path = GKWallDetailController.h; sourceTree = "<group>"; };
		0F2654CC22952020004B3439 /* GKWallDetailController.m */ = {isa = PBXFileReference; lastKnownFileType = sourcecode.c.objc; path = GKWallDetailController.m; sourceTree = "<group>"; };
		0F58F48E228BFC5700FA5BD0 /* BaseDataQueue.h */ = {isa = PBXFileReference; lastKnownFileType = sourcecode.c.h; path = BaseDataQueue.h; sourceTree = "<group>"; };
		0F58F48F228BFC5700FA5BD0 /* BaseDataQueue.m */ = {isa = PBXFileReference; lastKnownFileType = sourcecode.c.objc; path = BaseDataQueue.m; sourceTree = "<group>"; };
		0F58F491228BFDCC00FA5BD0 /* GKSearchModel.h */ = {isa = PBXFileReference; lastKnownFileType = sourcecode.c.h; path = GKSearchModel.h; sourceTree = "<group>"; };
		0F58F492228BFDCC00FA5BD0 /* GKSearchModel.m */ = {isa = PBXFileReference; lastKnownFileType = sourcecode.c.objc; path = GKSearchModel.m; sourceTree = "<group>"; };
		0F58F497228C06FD00FA5BD0 /* GKSearchViewCell.h */ = {isa = PBXFileReference; lastKnownFileType = sourcecode.c.h; path = GKSearchViewCell.h; sourceTree = "<group>"; };
		0F58F498228C06FD00FA5BD0 /* GKSearchViewCell.m */ = {isa = PBXFileReference; lastKnownFileType = sourcecode.c.objc; path = GKSearchViewCell.m; sourceTree = "<group>"; };
		0F58F499228C06FD00FA5BD0 /* GKSearchViewCell.xib */ = {isa = PBXFileReference; lastKnownFileType = file.xib; path = GKSearchViewCell.xib; sourceTree = "<group>"; };
		0F8C9F6D2292A007000C5934 /* GKVideoItemController.h */ = {isa = PBXFileReference; lastKnownFileType = sourcecode.c.h; path = GKVideoItemController.h; sourceTree = "<group>"; };
		0F8C9F6E2292A007000C5934 /* GKVideoItemController.m */ = {isa = PBXFileReference; lastKnownFileType = sourcecode.c.objc; path = GKVideoItemController.m; sourceTree = "<group>"; };
		0F8FB77722891A4D00BE91D3 /* GKRecommendController.h */ = {isa = PBXFileReference; lastKnownFileType = sourcecode.c.h; path = GKRecommendController.h; sourceTree = "<group>"; };
		0F8FB77822891A4D00BE91D3 /* GKRecommendController.m */ = {isa = PBXFileReference; lastKnownFileType = sourcecode.c.objc; path = GKRecommendController.m; sourceTree = "<group>"; };
		0F8FB77A22891A6000BE91D3 /* GKCategoryController.h */ = {isa = PBXFileReference; lastKnownFileType = sourcecode.c.h; path = GKCategoryController.h; sourceTree = "<group>"; };
		0F8FB77B22891A6000BE91D3 /* GKCategoryController.m */ = {isa = PBXFileReference; lastKnownFileType = sourcecode.c.objc; path = GKCategoryController.m; sourceTree = "<group>"; };
		0F8FB77D22891A7B00BE91D3 /* GKMostNewController.h */ = {isa = PBXFileReference; lastKnownFileType = sourcecode.c.h; path = GKMostNewController.h; sourceTree = "<group>"; };
		0F8FB77E22891A7B00BE91D3 /* GKMostNewController.m */ = {isa = PBXFileReference; lastKnownFileType = sourcecode.c.objc; path = GKMostNewController.m; sourceTree = "<group>"; };
		0F8FB78422894C8000BE91D3 /* GKHomeHotModel.h */ = {isa = PBXFileReference; lastKnownFileType = sourcecode.c.h; path = GKHomeHotModel.h; sourceTree = "<group>"; };
		0F8FB78522894C8000BE91D3 /* GKHomeHotModel.m */ = {isa = PBXFileReference; lastKnownFileType = sourcecode.c.objc; path = GKHomeHotModel.m; sourceTree = "<group>"; };
		0F8FB78822894FD200BE91D3 /* GKHomeHotCollectionViewCell.h */ = {isa = PBXFileReference; lastKnownFileType = sourcecode.c.h; path = GKHomeHotCollectionViewCell.h; sourceTree = "<group>"; };
		0F8FB78922894FD200BE91D3 /* GKHomeHotCollectionViewCell.m */ = {isa = PBXFileReference; lastKnownFileType = sourcecode.c.objc; path = GKHomeHotCollectionViewCell.m; sourceTree = "<group>"; };
		0F8FB78A22894FD200BE91D3 /* GKHomeHotCollectionViewCell.xib */ = {isa = PBXFileReference; lastKnownFileType = file.xib; path = GKHomeHotCollectionViewCell.xib; sourceTree = "<group>"; };
		0F8FB78D22896B3E00BE91D3 /* GKHomeCategoryModel.h */ = {isa = PBXFileReference; lastKnownFileType = sourcecode.c.h; path = GKHomeCategoryModel.h; sourceTree = "<group>"; };
		0F8FB78E22896B3E00BE91D3 /* GKHomeCategoryModel.m */ = {isa = PBXFileReference; lastKnownFileType = sourcecode.c.objc; path = GKHomeCategoryModel.m; sourceTree = "<group>"; };
		0F8FB79022896ED500BE91D3 /* GKHomeCollectionReusableView.h */ = {isa = PBXFileReference; lastKnownFileType = sourcecode.c.h; path = GKHomeCollectionReusableView.h; sourceTree = "<group>"; };
		0F8FB79122896ED500BE91D3 /* GKHomeCollectionReusableView.m */ = {isa = PBXFileReference; lastKnownFileType = sourcecode.c.objc; path = GKHomeCollectionReusableView.m; sourceTree = "<group>"; };
		0F8FB79222896ED500BE91D3 /* GKHomeCollectionReusableView.xib */ = {isa = PBXFileReference; lastKnownFileType = file.xib; path = GKHomeCollectionReusableView.xib; sourceTree = "<group>"; };
		0F9F2BA422929DCD008F5849 /* GKVideoContentController.h */ = {isa = PBXFileReference; lastKnownFileType = sourcecode.c.h; path = GKVideoContentController.h; sourceTree = "<group>"; };
		0F9F2BA522929DCD008F5849 /* GKVideoContentController.m */ = {isa = PBXFileReference; lastKnownFileType = sourcecode.c.objc; path = GKVideoContentController.m; sourceTree = "<group>"; };
		0FBC9DFC2297F17C00BBA7B0 /* new.css */ = {isa = PBXFileReference; fileEncoding = 4; lastKnownFileType = text.css; path = new.css; sourceTree = "<group>"; };
		0FCE07C2229521BD005AEA17 /* GKWallDetailModel.h */ = {isa = PBXFileReference; lastKnownFileType = sourcecode.c.h; path = GKWallDetailModel.h; sourceTree = "<group>"; };
		0FCE07C3229521BD005AEA17 /* GKWallDetailModel.m */ = {isa = PBXFileReference; lastKnownFileType = sourcecode.c.objc; path = GKWallDetailModel.m; sourceTree = "<group>"; };
		0FCE07CB22955A4C005AEA17 /* topic_news.json */ = {isa = PBXFileReference; fileEncoding = 4; lastKnownFileType = text.json; path = topic_news.json; sourceTree = "<group>"; };
		35E854B162092ECD48AFEEB7 /* libPods-GKiOSApp.a */ = {isa = PBXFileReference; explicitFileType = archive.ar; includeInIndex = 0; path = "libPods-GKiOSApp.a"; sourceTree = BUILT_PRODUCTS_DIR; };
		5946029D4F68ADA9F297FE29 /* Pods-GKiOSApp.debug.xcconfig */ = {isa = PBXFileReference; includeInIndex = 1; lastKnownFileType = text.xcconfig; name = "Pods-GKiOSApp.debug.xcconfig"; path = "Target Support Files/Pods-GKiOSApp/Pods-GKiOSApp.debug.xcconfig"; sourceTree = "<group>"; };
		FDBC29D23DEA47242B9937C2 /* Pods-GKiOSApp.release.xcconfig */ = {isa = PBXFileReference; includeInIndex = 1; lastKnownFileType = text.xcconfig; name = "Pods-GKiOSApp.release.xcconfig"; path = "Target Support Files/Pods-GKiOSApp/Pods-GKiOSApp.release.xcconfig"; sourceTree = "<group>"; };
/* End PBXFileReference section */

/* Begin PBXFrameworksBuildPhase section */
		0F23989E228570470059B0FE /* Frameworks */ = {
			isa = PBXFrameworksBuildPhase;
			buildActionMask = 2147483647;
			files = (
				054AA0752AEA3BCD62D36624 /* libPods-GKiOSApp.a in Frameworks */,
			);
			runOnlyForDeploymentPostprocessing = 0;
		};
/* End PBXFrameworksBuildPhase section */

/* Begin PBXGroup section */
		08743BB06919794AA9E583BE /* Frameworks */ = {
			isa = PBXGroup;
			children = (
				35E854B162092ECD48AFEEB7 /* libPods-GKiOSApp.a */,
			);
			name = Frameworks;
			sourceTree = "<group>";
		};
		0F096C632292945C009E0AF5 /* Resources */ = {
			isa = PBXGroup;
			children = (
				0FBC9DFC2297F17C00BBA7B0 /* new.css */,
				0FCE07CB22955A4C005AEA17 /* topic_news.json */,
				0F096C642292948B009E0AF5 /* data.json */,
			);
			path = Resources;
			sourceTree = "<group>";
		};
		0F11DE2F22969BAA00F1A470 /* Tool */ = {
			isa = PBXGroup;
			children = (
				0F11DE3E22969BAA00F1A470 /* ATAlertView */,
				0F11DE3322969BAA00F1A470 /* ATBrowser */,
				0F11DE3022969BAA00F1A470 /* Category */,
				0F18B2012297D8EB002A968A /* DataBase */,
				0F11DE3B22969BAA00F1A470 /* IDMPhoto */,
			);
			path = Tool;
			sourceTree = "<group>";
		};
		0F11DE3022969BAA00F1A470 /* Category */ = {
			isa = PBXGroup;
			children = (
				0F11DE3122969BAA00F1A470 /* VTContentView+GKBack.h */,
				0F11DE3222969BAA00F1A470 /* VTContentView+GKBack.m */,
			);
			path = Category;
			sourceTree = "<group>";
		};
		0F11DE3322969BAA00F1A470 /* ATBrowser */ = {
			isa = PBXGroup;
			children = (
				0F11DE4722969C0F00F1A470 /* ATBrowser.h */,
				0F11DE3722969BAA00F1A470 /* ATBrowserController.h */,
				0F11DE3522969BAA00F1A470 /* ATBrowserController.m */,
				0F11DE3922969BAA00F1A470 /* ATBrowserItemController.h */,
				0F11DE3422969BAA00F1A470 /* ATBrowserItemController.m */,
				0F11DE3A22969BAA00F1A470 /* ATBrowserModel.h */,
				0F11DE3622969BAA00F1A470 /* ATBrowserModel.m */,
				0F11DE3822969BAA00F1A470 /* ATBrowserProtocol.h */,
			);
			path = ATBrowser;
			sourceTree = "<group>";
		};
		0F11DE3B22969BAA00F1A470 /* IDMPhoto */ = {
			isa = PBXGroup;
			children = (
				0F11DE3C22969BAA00F1A470 /* ATIDMPhotoBrowser.h */,
				0F11DE3D22969BAA00F1A470 /* ATIDMPhotoBrowser.m */,
			);
			path = IDMPhoto;
			sourceTree = "<group>";
		};
		0F11DE3E22969BAA00F1A470 /* ATAlertView */ = {
			isa = PBXGroup;
			children = (
				0F11DE4022969BAA00F1A470 /* ATAlertView.h */,
				0F11DE3F22969BAA00F1A470 /* ATAlertView.m */,
			);
			path = ATAlertView;
			sourceTree = "<group>";
		};
		0F186FCB228E8E72006B825E /* Login */ = {
			isa = PBXGroup;
			children = (
				0F186FCC228E8E72006B825E /* Controller */,
				0F186FCD228E8E72006B825E /* Model */,
				0F186FCE228E8E72006B825E /* View */,
			);
			path = Login;
			sourceTree = "<group>";
		};
		0F186FCC228E8E72006B825E /* Controller */ = {
			isa = PBXGroup;
			children = (
				0F186FD7228E9C25006B825E /* GKLoginViewController.h */,
				0F186FD8228E9C25006B825E /* GKLoginViewController.m */,
				0F186FD9228E9C25006B825E /* GKLoginViewController.xib */,
			);
			path = Controller;
			sourceTree = "<group>";
		};
		0F186FCD228E8E72006B825E /* Model */ = {
			isa = PBXGroup;
			children = (
				0F186FDC228EA1B1006B825E /* GKUserModel.h */,
				0F186FDD228EA1B1006B825E /* GKUserModel.m */,
				0F186FDF228EA1C6006B825E /* GKUserManager.h */,
				0F186FE0228EA1C7006B825E /* GKUserManager.m */,
			);
			path = Model;
			sourceTree = "<group>";
		};
		0F186FCE228E8E72006B825E /* View */ = {
			isa = PBXGroup;
			children = (
			);
			path = View;
			sourceTree = "<group>";
		};
		0F18B1E822979AAA002A968A /* Launch */ = {
			isa = PBXGroup;
			children = (
				0F18B1E922979AAA002A968A /* Controller */,
				0F18B1EA22979AAA002A968A /* Model */,
				0F18B1EB22979AAA002A968A /* View */,
			);
			path = Launch;
			sourceTree = "<group>";
		};
		0F18B1E922979AAA002A968A /* Controller */ = {
			isa = PBXGroup;
			children = (
				0F18B1EC22979B23002A968A /* GKLaunchViewController.h */,
				0F18B1ED22979B23002A968A /* GKLaunchViewController.m */,
				0F18B1EE22979B23002A968A /* GKLaunchViewController.xib */,
				0F18B1FE2297D80E002A968A /* GKWebController.h */,
				0F18B1FF2297D80E002A968A /* GKWebController.m */,
			);
			path = Controller;
			sourceTree = "<group>";
		};
		0F18B1EA22979AAA002A968A /* Model */ = {
			isa = PBXGroup;
			children = (
				0F18B1F12297C1B7002A968A /* GKLaunchModel.h */,
				0F18B1F22297C1B7002A968A /* GKLaunchModel.m */,
			);
			path = Model;
			sourceTree = "<group>";
		};
		0F18B1EB22979AAA002A968A /* View */ = {
			isa = PBXGroup;
			children = (
			);
			path = View;
			sourceTree = "<group>";
		};
		0F18B1F42297D025002A968A /* Web */ = {
			isa = PBXGroup;
			children = (
				0F18B1FA2297D026002A968A /* BaseWebController.h */,
				0F18B1F72297D025002A968A /* BaseWebController.m */,
				0F18B1F92297D026002A968A /* ProgressWKWebView.h */,
				0F18B1F62297D025002A968A /* ProgressWKWebView.m */,
			);
			path = Web;
			sourceTree = "<group>";
		};
		0F18B2012297D8EB002A968A /* DataBase */ = {
			isa = PBXGroup;
			children = (
				0F18B2022297D8EB002A968A /* GKDataQueue.h */,
				0F18B2052297D8EB002A968A /* GKDataQueue.m */,
				0F18B2032297D8EB002A968A /* GKHomeNetManager.h */,
				0F18B2042297D8EB002A968A /* GKHomeNetManager.m */,
			);
			path = DataBase;
			sourceTree = "<group>";
		};
		0F239898228570470059B0FE = {
			isa = PBXGroup;
			children = (
				0F2398A3228570470059B0FE /* GKiOSApp */,
				0F2398A2228570470059B0FE /* Products */,
				1E9E7FBEA8415782E095A5A7 /* Pods */,
				08743BB06919794AA9E583BE /* Frameworks */,
			);
			sourceTree = "<group>";
		};
		0F2398A2228570470059B0FE /* Products */ = {
			isa = PBXGroup;
			children = (
				0F2398A1228570470059B0FE /* GKiOSApp.app */,
			);
			name = Products;
			sourceTree = "<group>";
		};
		0F2398A3228570470059B0FE /* GKiOSApp */ = {
			isa = PBXGroup;
			children = (
				0F2398BB228572050059B0FE /* Class */,
				0F2398A4228570470059B0FE /* AppDelegate.h */,
				0F2398A5228570470059B0FE /* AppDelegate.m */,
				0F2398AD228570490059B0FE /* Assets.xcassets */,
				0F2398BA228570A50059B0FE /* GKiOSApp.pch */,
				0F2398B2228570490059B0FE /* Info.plist */,
				0F2398AF228570490059B0FE /* LaunchScreen.storyboard */,
				0F2398B3228570490059B0FE /* main.m */,
				0F2398AA228570480059B0FE /* Main.storyboard */,
			);
			path = GKiOSApp;
			sourceTree = "<group>";
		};
		0F2398BB228572050059B0FE /* Class */ = {
			isa = PBXGroup;
			children = (
				0F18B1E822979AAA002A968A /* Launch */,
				0F11DE2F22969BAA00F1A470 /* Tool */,
				0F2398BC228572510059B0FE /* Base */,
				0F2398F922857F730059B0FE /* Home */,
				0F186FCB228E8E72006B825E /* Login */,
				0F096C632292945C009E0AF5 /* Resources */,
			);
			path = Class;
			sourceTree = "<group>";
		};
		0F2398BC228572510059B0FE /* Base */ = {
			isa = PBXGroup;
			children = (
				0F2398BD228572510059B0FE /* Controller */,
				0F2398C8228572510059B0FE /* Model */,
				0F2398D6228572510059B0FE /* NetManager */,
				0F2398CF228572510059B0FE /* View */,
				0F18B1F42297D025002A968A /* Web */,
			);
			path = Base;
			sourceTree = "<group>";
		};
		0F2398BD228572510059B0FE /* Controller */ = {
			isa = PBXGroup;
			children = (
				0F2398C4228572510059B0FE /* BaseConnectionController.h */,
				0F2398C2228572510059B0FE /* BaseConnectionController.m */,
				0F2398C5228572510059B0FE /* BaseNavigationController.h */,
				0F2398C1228572510059B0FE /* BaseNavigationController.m */,
				0F2398BF228572510059B0FE /* BaseRefreshController.h */,
				0F2398C6228572510059B0FE /* BaseRefreshController.m */,
				0F2398C3228572510059B0FE /* BaseTableViewController.h */,
				0F2398BE228572510059B0FE /* BaseTableViewController.m */,
				0F2398C7228572510059B0FE /* BaseViewController.h */,
				0F2398C0228572510059B0FE /* BaseViewController.m */,
			);
			path = Controller;
			sourceTree = "<group>";
		};
		0F2398C8228572510059B0FE /* Model */ = {
			isa = PBXGroup;
			children = (
				0F2398C9228572510059B0FE /* BaseMacro.h */,
				0F2398CC228572510059B0FE /* BaseMacro.m */,
				0F2398CD228572510059B0FE /* BaseModel.h */,
				0F2398CA228572510059B0FE /* BaseModel.m */,
				0F2398CB228572510059B0FE /* BaseNetModel.h */,
				0F2398CE228572510059B0FE /* BaseNetModel.m */,
			);
			path = Model;
			sourceTree = "<group>";
		};
		0F2398CF228572510059B0FE /* View */ = {
			isa = PBXGroup;
			children = (
				0F2398D3228572510059B0FE /* BaseCell.h */,
				0F2398D0228572510059B0FE /* BaseCell.m */,
				0F2398D5228572510059B0FE /* BaseTableView.h */,
				0F2398D2228572510059B0FE /* BaseTableView.m */,
				0F2398D4228572510059B0FE /* BaseView.h */,
				0F2398D1228572510059B0FE /* BaseView.m */,
			);
			path = View;
			sourceTree = "<group>";
		};
		0F2398D6228572510059B0FE /* NetManager */ = {
			isa = PBXGroup;
			children = (
				0F58F48E228BFC5700FA5BD0 /* BaseDataQueue.h */,
				0F58F48F228BFC5700FA5BD0 /* BaseDataQueue.m */,
				0F2398DC228572510059B0FE /* BaseNetManager.h */,
				0F2398D7228572510059B0FE /* BaseNetManager.m */,
				0F2398DB228572510059B0FE /* BaseNetTool.h */,
				0F2398D8228572510059B0FE /* BaseNetTool.m */,
			);
			path = NetManager;
			sourceTree = "<group>";
		};
		0F2398F922857F730059B0FE /* Home */ = {
			isa = PBXGroup;
			children = (
				0F2398FA22857F730059B0FE /* Controller */,
				0F8FB78322894C0600BE91D3 /* Model */,
				0F8FB78722894FB800BE91D3 /* View */,
			);
			path = Home;
			sourceTree = "<group>";
		};
		0F2398FA22857F730059B0FE /* Controller */ = {
			isa = PBXGroup;
			children = (
				0F2398FC22857F730059B0FE /* GKBaseHomeController.h */,
				0F2398FB22857F730059B0FE /* GKBaseHomeController.m */,
				0F8FB77A22891A6000BE91D3 /* GKCategoryController.h */,
				0F8FB77B22891A6000BE91D3 /* GKCategoryController.m */,
				0F0CB6ED228D706A00EC26EE /* GKCategoryItemController.h */,
				0F0CB6EE228D706A00EC26EE /* GKCategoryItemController.m */,
				0F0CB6E2228D50A900EC26EE /* GKNewItemViewController.h */,
				0F0CB6E3228D50A900EC26EE /* GKNewItemViewController.m */,
				0F8FB77D22891A7B00BE91D3 /* GKMostNewController.h */,
				0F8FB77E22891A7B00BE91D3 /* GKMostNewController.m */,
				0F239901228580790059B0FE /* GKNewViewController.h */,
				0F239902228580790059B0FE /* GKNewViewController.m */,
				0F8FB77722891A4D00BE91D3 /* GKRecommendController.h */,
				0F8FB77822891A4D00BE91D3 /* GKRecommendController.m */,
				0F0CB6CF228D05DD00EC26EE /* GKSearchItemController.h */,
				0F0CB6D0228D05DD00EC26EE /* GKSearchItemController.m */,
				0F0CB6CC228CF96E00EC26EE /* GKSearchResultController.h */,
				0F0CB6CD228CF96E00EC26EE /* GKSearchResultController.m */,
				0F1AD5EA228A9477008EDE02 /* GKSearchViewController.h */,
				0F1AD5EB228A9477008EDE02 /* GKSearchViewController.m */,
				0F239904228580880059B0FE /* GKSetViewController.h */,
				0F239905228580880059B0FE /* GKSetViewController.m */,
				0F2398FE228580010059B0FE /* GKTabViewController.h */,
				0F2398FF228580010059B0FE /* GKTabViewController.m */,
				0F096C66229294E6009E0AF5 /* GKVideoHomeController.h */,
				0F096C67229294E6009E0AF5 /* GKVideoHomeController.m */,
				0F9F2BA422929DCD008F5849 /* GKVideoContentController.h */,
				0F9F2BA522929DCD008F5849 /* GKVideoContentController.m */,
				0F8C9F6D2292A007000C5934 /* GKVideoItemController.h */,
				0F8C9F6E2292A007000C5934 /* GKVideoItemController.m */,
				0F2654CB22952020004B3439 /* GKWallDetailController.h */,
				0F2654CC22952020004B3439 /* GKWallDetailController.m */,
				0F18B2082297DAD9002A968A /* GKNewDetailController.h */,
				0F18B2092297DAD9002A968A /* GKNewDetailController.m */,
			);
			path = Controller;
			sourceTree = "<group>";
		};
		0F8FB78322894C0600BE91D3 /* Model */ = {
			isa = PBXGroup;
			children = (
				0FCE07C2229521BD005AEA17 /* GKWallDetailModel.h */,
				0FCE07C3229521BD005AEA17 /* GKWallDetailModel.m */,
				0F8FB78D22896B3E00BE91D3 /* GKHomeCategoryModel.h */,
				0F8FB78E22896B3E00BE91D3 /* GKHomeCategoryModel.m */,
				0F8FB78422894C8000BE91D3 /* GKHomeHotModel.h */,
				0F8FB78522894C8000BE91D3 /* GKHomeHotModel.m */,
				0F11DE2B2296870E00F1A470 /* GKNewPhotoModel.h */,
				0F11DE2C2296870E00F1A470 /* GKNewPhotoModel.m */,
				0F0CB6EA228D696700EC26EE /* GKNewsModel.h */,
				0F0CB6EB228D696700EC26EE /* GKNewsModel.m */,
				0F58F491228BFDCC00FA5BD0 /* GKSearchModel.h */,
				0F58F492228BFDCC00FA5BD0 /* GKSearchModel.m */,
				0F096C69229296A0009E0AF5 /* GKVideoModel.h */,
				0F096C6A229296A0009E0AF5 /* GKVideoModel.m */,
				0F18B20B2297E239002A968A /* GKNewDetailModel.h */,
				0F18B20C2297E239002A968A /* GKNewDetailModel.m */,
			);
			path = Model;
			sourceTree = "<group>";
		};
		0F8FB78722894FB800BE91D3 /* View */ = {
			isa = PBXGroup;
			children = (
				0F8FB79022896ED500BE91D3 /* GKHomeCollectionReusableView.h */,
				0F8FB79122896ED500BE91D3 /* GKHomeCollectionReusableView.m */,
				0F8FB79222896ED500BE91D3 /* GKHomeCollectionReusableView.xib */,
				0F8FB78822894FD200BE91D3 /* GKHomeHotCollectionViewCell.h */,
				0F8FB78922894FD200BE91D3 /* GKHomeHotCollectionViewCell.m */,
				0F8FB78A22894FD200BE91D3 /* GKHomeHotCollectionViewCell.xib */,
				0F11DE0D2296384800F1A470 /* GKNewItemAdCell.h */,
				0F11DE0E2296384800F1A470 /* GKNewItemAdCell.m */,
				0F11DE0F2296384800F1A470 /* GKNewItemAdCell.xib */,
				0F11DE1F22963C4500F1A470 /* GKNewItemBaseCell.h */,
				0F11DE2022963C4500F1A470 /* GKNewItemBaseCell.m */,
				0F11DE1A2296389500F1A470 /* GKNewItemImageCell.h */,
				0F11DE1B2296389500F1A470 /* GKNewItemImageCell.m */,
				0F11DE1C2296389500F1A470 /* GKNewItemImageCell.xib */,
				0F0CB6E5228D5BA300EC26EE /* GKNewItemTableViewCell.h */,
				0F0CB6E6228D5BA300EC26EE /* GKNewItemTableViewCell.m */,
				0F0CB6E7228D5BA300EC26EE /* GKNewItemTableViewCell.xib */,
				0F11DE152296388400F1A470 /* GKNewItemTraCell.h */,
				0F11DE162296388400F1A470 /* GKNewItemTraCell.m */,
				0F11DE172296388400F1A470 /* GKNewItemTraCell.xib */,
				0F58F497228C06FD00FA5BD0 /* GKSearchViewCell.h */,
				0F58F498228C06FD00FA5BD0 /* GKSearchViewCell.m */,
				0F58F499228C06FD00FA5BD0 /* GKSearchViewCell.xib */,
				0F186FC6228E8B1F006B825E /* GKSetTableViewCell.h */,
				0F186FC7228E8B1F006B825E /* GKSetTableViewCell.m */,
				0F186FC8228E8B1F006B825E /* GKSetTableViewCell.xib */,
			);
			path = View;
			sourceTree = "<group>";
		};
		1E9E7FBEA8415782E095A5A7 /* Pods */ = {
			isa = PBXGroup;
			children = (
				5946029D4F68ADA9F297FE29 /* Pods-GKiOSApp.debug.xcconfig */,
				FDBC29D23DEA47242B9937C2 /* Pods-GKiOSApp.release.xcconfig */,
			);
			path = Pods;
			sourceTree = "<group>";
		};
/* End PBXGroup section */

/* Begin PBXNativeTarget section */
		0F2398A0228570470059B0FE /* GKiOSApp */ = {
			isa = PBXNativeTarget;
			buildConfigurationList = 0F2398B7228570490059B0FE /* Build configuration list for PBXNativeTarget "GKiOSApp" */;
			buildPhases = (
				1FA6F43E83E52EBDF96EF3AB /* [CP] Check Pods Manifest.lock */,
				0F23989D228570470059B0FE /* Sources */,
				0F23989E228570470059B0FE /* Frameworks */,
				0F23989F228570470059B0FE /* Resources */,
				E1659AC1296253D81CA1145D /* [CP] Embed Pods Frameworks */,
				5763C7EFC50CDFF33D726F57 /* [CP] Copy Pods Resources */,
			);
			buildRules = (
			);
			dependencies = (
			);
			name = GKiOSApp;
			productName = GKiOSApp;
			productReference = 0F2398A1228570470059B0FE /* GKiOSApp.app */;
			productType = "com.apple.product-type.application";
		};
/* End PBXNativeTarget section */

/* Begin PBXProject section */
		0F239899228570470059B0FE /* Project object */ = {
			isa = PBXProject;
			attributes = {
				LastUpgradeCheck = 1010;
				ORGANIZATIONNAME = wangws1990;
				TargetAttributes = {
					0F2398A0228570470059B0FE = {
						CreatedOnToolsVersion = 10.1;
					};
				};
			};
			buildConfigurationList = 0F23989C228570470059B0FE /* Build configuration list for PBXProject "GKiOSApp" */;
			compatibilityVersion = "Xcode 9.3";
			developmentRegion = en;
			hasScannedForEncodings = 0;
			knownRegions = (
				en,
				Base,
			);
			mainGroup = 0F239898228570470059B0FE;
			productRefGroup = 0F2398A2228570470059B0FE /* Products */;
			projectDirPath = "";
			projectRoot = "";
			targets = (
				0F2398A0228570470059B0FE /* GKiOSApp */,
			);
		};
/* End PBXProject section */

/* Begin PBXResourcesBuildPhase section */
		0F23989F228570470059B0FE /* Resources */ = {
			isa = PBXResourcesBuildPhase;
			buildActionMask = 2147483647;
			files = (
				0F096C652292948B009E0AF5 /* data.json in Resources */,
				0F186FCA228E8B1F006B825E /* GKSetTableViewCell.xib in Resources */,
				0F2398B1228570490059B0FE /* LaunchScreen.storyboard in Resources */,
				0F8FB78C22894FD200BE91D3 /* GKHomeHotCollectionViewCell.xib in Resources */,
				0F11DE192296388400F1A470 /* GKNewItemTraCell.xib in Resources */,
				0F11DE112296384800F1A470 /* GKNewItemAdCell.xib in Resources */,
				0F58F49B228C06FD00FA5BD0 /* GKSearchViewCell.xib in Resources */,
				0F2398AE228570490059B0FE /* Assets.xcassets in Resources */,
				0FBC9DFD2297F17C00BBA7B0 /* new.css in Resources */,
				0F186FDB228E9C25006B825E /* GKLoginViewController.xib in Resources */,
				0FCE07CC22955A4C005AEA17 /* topic_news.json in Resources */,
				0F18B1F022979B23002A968A /* GKLaunchViewController.xib in Resources */,
				0F0CB6E9228D5BA300EC26EE /* GKNewItemTableViewCell.xib in Resources */,
				0F11DE1E2296389500F1A470 /* GKNewItemImageCell.xib in Resources */,
				0F8FB79422896ED500BE91D3 /* GKHomeCollectionReusableView.xib in Resources */,
				0F2398AC228570480059B0FE /* Main.storyboard in Resources */,
			);
			runOnlyForDeploymentPostprocessing = 0;
		};
/* End PBXResourcesBuildPhase section */

/* Begin PBXShellScriptBuildPhase section */
		1FA6F43E83E52EBDF96EF3AB /* [CP] Check Pods Manifest.lock */ = {
			isa = PBXShellScriptBuildPhase;
			buildActionMask = 2147483647;
			files = (
			);
			inputFileListPaths = (
			);
			inputPaths = (
				"${PODS_PODFILE_DIR_PATH}/Podfile.lock",
				"${PODS_ROOT}/Manifest.lock",
			);
			name = "[CP] Check Pods Manifest.lock";
			outputFileListPaths = (
			);
			outputPaths = (
				"$(DERIVED_FILE_DIR)/Pods-GKiOSApp-checkManifestLockResult.txt",
			);
			runOnlyForDeploymentPostprocessing = 0;
			shellPath = /bin/sh;
			shellScript = "diff \"${PODS_PODFILE_DIR_PATH}/Podfile.lock\" \"${PODS_ROOT}/Manifest.lock\" > /dev/null\nif [ $? != 0 ] ; then\n    # print error to STDERR\n    echo \"error: The sandbox is not in sync with the Podfile.lock. Run 'pod install' or update your CocoaPods installation.\" >&2\n    exit 1\nfi\n# This output is used by Xcode 'outputs' to avoid re-running this script phase.\necho \"SUCCESS\" > \"${SCRIPT_OUTPUT_FILE_0}\"\n";
			showEnvVarsInLog = 0;
		};
		5763C7EFC50CDFF33D726F57 /* [CP] Copy Pods Resources */ = {
			isa = PBXShellScriptBuildPhase;
			buildActionMask = 2147483647;
			files = (
			);
			inputFileListPaths = (
				"${PODS_ROOT}/Target Support Files/Pods-GKiOSApp/Pods-GKiOSApp-resources-${CONFIGURATION}-input-files.xcfilelist",
			);
			name = "[CP] Copy Pods Resources";
			outputFileListPaths = (
				"${PODS_ROOT}/Target Support Files/Pods-GKiOSApp/Pods-GKiOSApp-resources-${CONFIGURATION}-output-files.xcfilelist",
			);
			runOnlyForDeploymentPostprocessing = 0;
			shellPath = /bin/sh;
			shellScript = "\"${PODS_ROOT}/Target Support Files/Pods-GKiOSApp/Pods-GKiOSApp-resources.sh\"\n";
			showEnvVarsInLog = 0;
		};
		E1659AC1296253D81CA1145D /* [CP] Embed Pods Frameworks */ = {
			isa = PBXShellScriptBuildPhase;
			buildActionMask = 2147483647;
			files = (
			);
			inputFileListPaths = (
				"${PODS_ROOT}/Target Support Files/Pods-GKiOSApp/Pods-GKiOSApp-frameworks-${CONFIGURATION}-input-files.xcfilelist",
			);
			name = "[CP] Embed Pods Frameworks";
			outputFileListPaths = (
				"${PODS_ROOT}/Target Support Files/Pods-GKiOSApp/Pods-GKiOSApp-frameworks-${CONFIGURATION}-output-files.xcfilelist",
			);
			runOnlyForDeploymentPostprocessing = 0;
			shellPath = /bin/sh;
			shellScript = "\"${PODS_ROOT}/Target Support Files/Pods-GKiOSApp/Pods-GKiOSApp-frameworks.sh\"\n";
			showEnvVarsInLog = 0;
		};
/* End PBXShellScriptBuildPhase section */

/* Begin PBXSourcesBuildPhase section */
		0F23989D228570470059B0FE /* Sources */ = {
			isa = PBXSourcesBuildPhase;
			buildActionMask = 2147483647;
			files = (
				0F18B2002297D80E002A968A /* GKWebController.m in Sources */,
				0F8FB77C22891A6000BE91D3 /* GKCategoryController.m in Sources */,
				0F2398E6228572510059B0FE /* BaseNetModel.m in Sources */,
				0F0CB6D1228D05DD00EC26EE /* GKSearchItemController.m in Sources */,
				0F8FB78F22896B3E00BE91D3 /* GKHomeCategoryModel.m in Sources */,
				0F18B2062297D8EC002A968A /* GKHomeNetManager.m in Sources */,
				0F8FB78622894C8000BE91D3 /* GKHomeHotModel.m in Sources */,
				0F2398E5228572510059B0FE /* BaseMacro.m in Sources */,
				0F8FB77922891A4D00BE91D3 /* GKRecommendController.m in Sources */,
				0F11DE4122969BAA00F1A470 /* VTContentView+GKBack.m in Sources */,
				0F18B1F32297C1B7002A968A /* GKLaunchModel.m in Sources */,
				0F2398B4228570490059B0FE /* main.m in Sources */,
				0F11DE102296384800F1A470 /* GKNewItemAdCell.m in Sources */,
				0F186FDE228EA1B1006B825E /* GKUserModel.m in Sources */,
				0F11DE4622969BAA00F1A470 /* ATAlertView.m in Sources */,
				0F0CB6EF228D706A00EC26EE /* GKCategoryItemController.m in Sources */,
				0F096C6B229296A0009E0AF5 /* GKVideoModel.m in Sources */,
				0F2398E0228572510059B0FE /* BaseViewController.m in Sources */,
				0F18B20A2297DAD9002A968A /* GKNewDetailController.m in Sources */,
				0F8FB77F22891A7B00BE91D3 /* GKMostNewController.m in Sources */,
				0F2398E4228572510059B0FE /* BaseModel.m in Sources */,
				0F2654CD22952020004B3439 /* GKWallDetailController.m in Sources */,
				0F18B1FB2297D026002A968A /* ProgressWKWebView.m in Sources */,
				0F186FE1228EA1C7006B825E /* GKUserManager.m in Sources */,
				0F0CB6E8228D5BA300EC26EE /* GKNewItemTableViewCell.m in Sources */,
				0F1AD5EC228A9477008EDE02 /* GKSearchViewController.m in Sources */,
				0F239906228580880059B0FE /* GKSetViewController.m in Sources */,
				0F239900228580010059B0FE /* GKTabViewController.m in Sources */,
				0F11DE182296388400F1A470 /* GKNewItemTraCell.m in Sources */,
				0F0CB6E4228D50A900EC26EE /* GKNewItemViewController.m in Sources */,
				0F0CB6CE228CF96E00EC26EE /* GKSearchResultController.m in Sources */,
				0F18B1EF22979B23002A968A /* GKLaunchViewController.m in Sources */,
				0F2398E2228572510059B0FE /* BaseConnectionController.m in Sources */,
				0F2398DF228572510059B0FE /* BaseTableViewController.m in Sources */,
				0F18B1FC2297D026002A968A /* BaseWebController.m in Sources */,
				0F11DE2122963C4500F1A470 /* GKNewItemBaseCell.m in Sources */,
				0F186FDA228E9C25006B825E /* GKLoginViewController.m in Sources */,
				0F58F49A228C06FD00FA5BD0 /* GKSearchViewCell.m in Sources */,
				0F11DE4422969BAA00F1A470 /* ATBrowserModel.m in Sources */,
				0F9F2BA622929DCD008F5849 /* GKVideoContentController.m in Sources */,
				0F096C68229294E6009E0AF5 /* GKVideoHomeController.m in Sources */,
				0F8FB78B22894FD200BE91D3 /* GKHomeHotCollectionViewCell.m in Sources */,
				0F11DE1D2296389500F1A470 /* GKNewItemImageCell.m in Sources */,
				0F2398E3228572510059B0FE /* BaseRefreshController.m in Sources */,
				0F2398EB228572510059B0FE /* BaseNetTool.m in Sources */,
				0F8C9F6F2292A007000C5934 /* GKVideoItemController.m in Sources */,
				0F58F490228BFC5700FA5BD0 /* BaseDataQueue.m in Sources */,
				0F11DE4222969BAA00F1A470 /* ATBrowserItemController.m in Sources */,
				0F8FB79322896ED500BE91D3 /* GKHomeCollectionReusableView.m in Sources */,
				0F2398A6228570470059B0FE /* AppDelegate.m in Sources */,
				0F239903228580790059B0FE /* GKNewViewController.m in Sources */,
				0F18B20D2297E239002A968A /* GKNewDetailModel.m in Sources */,
				0F2398E9228572510059B0FE /* BaseTableView.m in Sources */,
				0F11DE4322969BAA00F1A470 /* ATBrowserController.m in Sources */,
				0F186FC9228E8B1F006B825E /* GKSetTableViewCell.m in Sources */,
				0F0CB6EC228D696700EC26EE /* GKNewsModel.m in Sources */,
				0F2398FD22857F730059B0FE /* GKBaseHomeController.m in Sources */,
				0F2398E7228572510059B0FE /* BaseCell.m in Sources */,
				0FCE07C4229521BD005AEA17 /* GKWallDetailModel.m in Sources */,
				0F18B2072297D8EC002A968A /* GKDataQueue.m in Sources */,
				0F11DE2D2296870E00F1A470 /* GKNewPhotoModel.m in Sources */,
				0F2398E1228572510059B0FE /* BaseNavigationController.m in Sources */,
				0F2398EA228572510059B0FE /* BaseNetManager.m in Sources */,
				0F11DE4522969BAA00F1A470 /* ATIDMPhotoBrowser.m in Sources */,
				0F2398E8228572510059B0FE /* BaseView.m in Sources */,
				0F58F493228BFDCC00FA5BD0 /* GKSearchModel.m in Sources */,
			);
			runOnlyForDeploymentPostprocessing = 0;
		};
/* End PBXSourcesBuildPhase section */

/* Begin PBXVariantGroup section */
		0F2398AA228570480059B0FE /* Main.storyboard */ = {
			isa = PBXVariantGroup;
			children = (
				0F2398AB228570480059B0FE /* Base */,
			);
			name = Main.storyboard;
			sourceTree = "<group>";
		};
		0F2398AF228570490059B0FE /* LaunchScreen.storyboard */ = {
			isa = PBXVariantGroup;
			children = (
				0F2398B0228570490059B0FE /* Base */,
			);
			name = LaunchScreen.storyboard;
			sourceTree = "<group>";
		};
/* End PBXVariantGroup section */

/* Begin XCBuildConfiguration section */
		0F2398B5228570490059B0FE /* Debug */ = {
			isa = XCBuildConfiguration;
			buildSettings = {
				ALWAYS_SEARCH_USER_PATHS = NO;
				CLANG_ANALYZER_NONNULL = YES;
				CLANG_ANALYZER_NUMBER_OBJECT_CONVERSION = YES_AGGRESSIVE;
				CLANG_CXX_LANGUAGE_STANDARD = "gnu++14";
				CLANG_CXX_LIBRARY = "libc++";
				CLANG_ENABLE_MODULES = YES;
				CLANG_ENABLE_OBJC_ARC = YES;
				CLANG_ENABLE_OBJC_WEAK = YES;
				CLANG_WARN_BLOCK_CAPTURE_AUTORELEASING = YES;
				CLANG_WARN_BOOL_CONVERSION = YES;
				CLANG_WARN_COMMA = YES;
				CLANG_WARN_CONSTANT_CONVERSION = YES;
				CLANG_WARN_DEPRECATED_OBJC_IMPLEMENTATIONS = YES;
				CLANG_WARN_DIRECT_OBJC_ISA_USAGE = YES_ERROR;
				CLANG_WARN_DOCUMENTATION_COMMENTS = YES;
				CLANG_WARN_EMPTY_BODY = YES;
				CLANG_WARN_ENUM_CONVERSION = YES;
				CLANG_WARN_INFINITE_RECURSION = YES;
				CLANG_WARN_INT_CONVERSION = YES;
				CLANG_WARN_NON_LITERAL_NULL_CONVERSION = YES;
				CLANG_WARN_OBJC_IMPLICIT_RETAIN_SELF = YES;
				CLANG_WARN_OBJC_LITERAL_CONVERSION = YES;
				CLANG_WARN_OBJC_ROOT_CLASS = YES_ERROR;
				CLANG_WARN_RANGE_LOOP_ANALYSIS = YES;
				CLANG_WARN_STRICT_PROTOTYPES = YES;
				CLANG_WARN_SUSPICIOUS_MOVE = YES;
				CLANG_WARN_UNGUARDED_AVAILABILITY = YES_AGGRESSIVE;
				CLANG_WARN_UNREACHABLE_CODE = YES;
				CLANG_WARN__DUPLICATE_METHOD_MATCH = YES;
				CODE_SIGN_IDENTITY = "iPhone Developer";
				COPY_PHASE_STRIP = NO;
				DEBUG_INFORMATION_FORMAT = dwarf;
				ENABLE_STRICT_OBJC_MSGSEND = YES;
				ENABLE_TESTABILITY = YES;
				GCC_C_LANGUAGE_STANDARD = gnu11;
				GCC_DYNAMIC_NO_PIC = NO;
				GCC_NO_COMMON_BLOCKS = YES;
				GCC_OPTIMIZATION_LEVEL = 0;
				GCC_PREPROCESSOR_DEFINITIONS = (
					"DEBUG=1",
					"$(inherited)",
				);
				GCC_WARN_64_TO_32_BIT_CONVERSION = YES;
				GCC_WARN_ABOUT_RETURN_TYPE = YES_ERROR;
				GCC_WARN_UNDECLARED_SELECTOR = YES;
				GCC_WARN_UNINITIALIZED_AUTOS = YES_AGGRESSIVE;
				GCC_WARN_UNUSED_FUNCTION = YES;
				GCC_WARN_UNUSED_VARIABLE = YES;
				IPHONEOS_DEPLOYMENT_TARGET = 12.1;
				MTL_ENABLE_DEBUG_INFO = INCLUDE_SOURCE;
				MTL_FAST_MATH = YES;
				ONLY_ACTIVE_ARCH = YES;
				SDKROOT = iphoneos;
			};
			name = Debug;
		};
		0F2398B6228570490059B0FE /* Release */ = {
			isa = XCBuildConfiguration;
			buildSettings = {
				ALWAYS_SEARCH_USER_PATHS = NO;
				CLANG_ANALYZER_NONNULL = YES;
				CLANG_ANALYZER_NUMBER_OBJECT_CONVERSION = YES_AGGRESSIVE;
				CLANG_CXX_LANGUAGE_STANDARD = "gnu++14";
				CLANG_CXX_LIBRARY = "libc++";
				CLANG_ENABLE_MODULES = YES;
				CLANG_ENABLE_OBJC_ARC = YES;
				CLANG_ENABLE_OBJC_WEAK = YES;
				CLANG_WARN_BLOCK_CAPTURE_AUTORELEASING = YES;
				CLANG_WARN_BOOL_CONVERSION = YES;
				CLANG_WARN_COMMA = YES;
				CLANG_WARN_CONSTANT_CONVERSION = YES;
				CLANG_WARN_DEPRECATED_OBJC_IMPLEMENTATIONS = YES;
				CLANG_WARN_DIRECT_OBJC_ISA_USAGE = YES_ERROR;
				CLANG_WARN_DOCUMENTATION_COMMENTS = YES;
				CLANG_WARN_EMPTY_BODY = YES;
				CLANG_WARN_ENUM_CONVERSION = YES;
				CLANG_WARN_INFINITE_RECURSION = YES;
				CLANG_WARN_INT_CONVERSION = YES;
				CLANG_WARN_NON_LITERAL_NULL_CONVERSION = YES;
				CLANG_WARN_OBJC_IMPLICIT_RETAIN_SELF = YES;
				CLANG_WARN_OBJC_LITERAL_CONVERSION = YES;
				CLANG_WARN_OBJC_ROOT_CLASS = YES_ERROR;
				CLANG_WARN_RANGE_LOOP_ANALYSIS = YES;
				CLANG_WARN_STRICT_PROTOTYPES = YES;
				CLANG_WARN_SUSPICIOUS_MOVE = YES;
				CLANG_WARN_UNGUARDED_AVAILABILITY = YES_AGGRESSIVE;
				CLANG_WARN_UNREACHABLE_CODE = YES;
				CLANG_WARN__DUPLICATE_METHOD_MATCH = YES;
				CODE_SIGN_IDENTITY = "iPhone Developer";
				COPY_PHASE_STRIP = NO;
				DEBUG_INFORMATION_FORMAT = "dwarf-with-dsym";
				ENABLE_NS_ASSERTIONS = NO;
				ENABLE_STRICT_OBJC_MSGSEND = YES;
				GCC_C_LANGUAGE_STANDARD = gnu11;
				GCC_NO_COMMON_BLOCKS = YES;
				GCC_WARN_64_TO_32_BIT_CONVERSION = YES;
				GCC_WARN_ABOUT_RETURN_TYPE = YES_ERROR;
				GCC_WARN_UNDECLARED_SELECTOR = YES;
				GCC_WARN_UNINITIALIZED_AUTOS = YES_AGGRESSIVE;
				GCC_WARN_UNUSED_FUNCTION = YES;
				GCC_WARN_UNUSED_VARIABLE = YES;
				IPHONEOS_DEPLOYMENT_TARGET = 12.1;
				MTL_ENABLE_DEBUG_INFO = NO;
				MTL_FAST_MATH = YES;
				SDKROOT = iphoneos;
				VALIDATE_PRODUCT = YES;
			};
			name = Release;
		};
		0F2398B8228570490059B0FE /* Debug */ = {
			isa = XCBuildConfiguration;
			baseConfigurationReference = 5946029D4F68ADA9F297FE29 /* Pods-GKiOSApp.debug.xcconfig */;
			buildSettings = {
				ASSETCATALOG_COMPILER_APPICON_NAME = AppIcon;
				CODE_SIGN_STYLE = Automatic;
				DEVELOPMENT_TEAM = AH5A6D2MR2;
				GCC_PRECOMPILE_PREFIX_HEADER = YES;
				GCC_PREFIX_HEADER = "$(SRCROOT)/GKiOSApp/GKiOSApp.pch";
				INFOPLIST_FILE = GKiOSApp/Info.plist;
				IPHONEOS_DEPLOYMENT_TARGET = 9.0;
				LD_RUNPATH_SEARCH_PATHS = (
					"$(inherited)",
					"@executable_path/Frameworks",
				);
				PRODUCT_BUNDLE_IDENTIFIER = com.3733SDK.sdk;
				PRODUCT_NAME = "$(TARGET_NAME)";
				TARGETED_DEVICE_FAMILY = 1;
			};
			name = Debug;
		};
		0F2398B9228570490059B0FE /* Release */ = {
			isa = XCBuildConfiguration;
			baseConfigurationReference = FDBC29D23DEA47242B9937C2 /* Pods-GKiOSApp.release.xcconfig */;
			buildSettings = {
				ASSETCATALOG_COMPILER_APPICON_NAME = AppIcon;
				CODE_SIGN_STYLE = Automatic;
				DEVELOPMENT_TEAM = AH5A6D2MR2;
				GCC_PRECOMPILE_PREFIX_HEADER = YES;
				GCC_PREFIX_HEADER = "$(SRCROOT)/GKiOSApp/GKiOSApp.pch";
				INFOPLIST_FILE = GKiOSApp/Info.plist;
				IPHONEOS_DEPLOYMENT_TARGET = 9.0;
				LD_RUNPATH_SEARCH_PATHS = (
					"$(inherited)",
					"@executable_path/Frameworks",
				);
				PRODUCT_BUNDLE_IDENTIFIER = com.3733SDK.sdk;
				PRODUCT_NAME = "$(TARGET_NAME)";
				TARGETED_DEVICE_FAMILY = 1;
			};
			name = Release;
		};
/* End XCBuildConfiguration section */

/* Begin XCConfigurationList section */
		0F23989C228570470059B0FE /* Build configuration list for PBXProject "GKiOSApp" */ = {
			isa = XCConfigurationList;
			buildConfigurations = (
				0F2398B5228570490059B0FE /* Debug */,
				0F2398B6228570490059B0FE /* Release */,
			);
			defaultConfigurationIsVisible = 0;
			defaultConfigurationName = Release;
		};
		0F2398B7228570490059B0FE /* Build configuration list for PBXNativeTarget "GKiOSApp" */ = {
			isa = XCConfigurationList;
			buildConfigurations = (
				0F2398B8228570490059B0FE /* Debug */,
				0F2398B9228570490059B0FE /* Release */,
			);
			defaultConfigurationIsVisible = 0;
			defaultConfigurationName = Release;
		};
/* End XCConfigurationList section */
	};
	rootObject = 0F239899228570470059B0FE /* Project object */;
}
